// !$*UTF8*$!
{
	archiveVersion = 1;
	classes = {
	};
	objectVersion = 50;
	objects = {

/* Begin PBXBuildFile section */
		D87E4DCC21685BBC00E8847A /* AppDelegate.swift in Sources */ = {isa = PBXBuildFile; fileRef = D87E4DCB21685BBC00E8847A /* AppDelegate.swift */; };
		D87E4DCE21685BBC00E8847A /* ViewController.swift in Sources */ = {isa = PBXBuildFile; fileRef = D87E4DCD21685BBC00E8847A /* ViewController.swift */; };
		D87E4DD121685BBC00E8847A /* Main.storyboard in Resources */ = {isa = PBXBuildFile; fileRef = D87E4DCF21685BBC00E8847A /* Main.storyboard */; };
		D87E4DD321685BBD00E8847A /* Assets.xcassets in Resources */ = {isa = PBXBuildFile; fileRef = D87E4DD221685BBD00E8847A /* Assets.xcassets */; };
		D87E4DD621685BBD00E8847A /* LaunchScreen.storyboard in Resources */ = {isa = PBXBuildFile; fileRef = D87E4DD421685BBD00E8847A /* LaunchScreen.storyboard */; };
		D87E4DE121685BBD00E8847A /* Color_PickerTests.swift in Sources */ = {isa = PBXBuildFile; fileRef = D87E4DE021685BBD00E8847A /* Color_PickerTests.swift */; };
		D87E4DEC21685BBE00E8847A /* Color_PickerUITests.swift in Sources */ = {isa = PBXBuildFile; fileRef = D87E4DEB21685BBE00E8847A /* Color_PickerUITests.swift */; };
/* End PBXBuildFile section */

/* Begin PBXContainerItemProxy section */
		D87E4DDD21685BBD00E8847A /* PBXContainerItemProxy */ = {
			isa = PBXContainerItemProxy;
			containerPortal = D87E4DC021685BBC00E8847A /* Project object */;
			proxyType = 1;
			remoteGlobalIDString = D87E4DC721685BBC00E8847A;
			remoteInfo = "Color Picker";
		};
		D87E4DE821685BBE00E8847A /* PBXContainerItemProxy */ = {
			isa = PBXContainerItemProxy;
			containerPortal = D87E4DC021685BBC00E8847A /* Project object */;
			proxyType = 1;
			remoteGlobalIDString = D87E4DC721685BBC00E8847A;
			remoteInfo = "Color Picker";
		};
/* End PBXContainerItemProxy section */

/* Begin PBXFileReference section */
		D87E4DC821685BBC00E8847A /* Color Picker.app */ = {isa = PBXFileReference; explicitFileType = wrapper.application; includeInIndex = 0; path = "Color Picker.app"; sourceTree = BUILT_PRODUCTS_DIR; };
		D87E4DCB21685BBC00E8847A /* AppDelegate.swift */ = {isa = PBXFileReference; lastKnownFileType = sourcecode.swift; path = AppDelegate.swift; sourceTree = "<group>"; };
		D87E4DCD21685BBC00E8847A /* ViewController.swift */ = {isa = PBXFileReference; lastKnownFileType = sourcecode.swift; path = ViewController.swift; sourceTree = "<group>"; };
		D87E4DD021685BBC00E8847A /* Base */ = {isa = PBXFileReference; lastKnownFileType = file.storyboard; name = Base; path = Base.lproj/Main.storyboard; sourceTree = "<group>"; };
		D87E4DD221685BBD00E8847A /* Assets.xcassets */ = {isa = PBXFileReference; lastKnownFileType = folder.assetcatalog; path = Assets.xcassets; sourceTree = "<group>"; };
		D87E4DD521685BBD00E8847A /* Base */ = {isa = PBXFileReference; lastKnownFileType = file.storyboard; name = Base; path = Base.lproj/LaunchScreen.storyboard; sourceTree = "<group>"; };
		D87E4DD721685BBD00E8847A /* Info.plist */ = {isa = PBXFileReference; lastKnownFileType = text.plist.xml; path = Info.plist; sourceTree = "<group>"; };
		D87E4DDC21685BBD00E8847A /* Color PickerTests.xctest */ = {isa = PBXFileReference; explicitFileType = wrapper.cfbundle; includeInIndex = 0; path = "Color PickerTests.xctest"; sourceTree = BUILT_PRODUCTS_DIR; };
		D87E4DE021685BBD00E8847A /* Color_PickerTests.swift */ = {isa = PBXFileReference; lastKnownFileType = sourcecode.swift; path = Color_PickerTests.swift; sourceTree = "<group>"; };
		D87E4DE221685BBD00E8847A /* Info.plist */ = {isa = PBXFileReference; lastKnownFileType = text.plist.xml; path = Info.plist; sourceTree = "<group>"; };
		D87E4DE721685BBE00E8847A /* Color PickerUITests.xctest */ = {isa = PBXFileReference; explicitFileType = wrapper.cfbundle; includeInIndex = 0; path = "Color PickerUITests.xctest"; sourceTree = BUILT_PRODUCTS_DIR; };
		D87E4DEB21685BBE00E8847A /* Color_PickerUITests.swift */ = {isa = PBXFileReference; lastKnownFileType = sourcecode.swift; path = Color_PickerUITests.swift; sourceTree = "<group>"; };
		D87E4DED21685BBE00E8847A /* Info.plist */ = {isa = PBXFileReference; lastKnownFileType = text.plist.xml; path = Info.plist; sourceTree = "<group>"; };
/* End PBXFileReference section */

/* Begin PBXFrameworksBuildPhase section */
		D87E4DC521685BBC00E8847A /* Frameworks */ = {
			isa = PBXFrameworksBuildPhase;
			buildActionMask = 2147483647;
			files = (
			);
			runOnlyForDeploymentPostprocessing = 0;
		};
		D87E4DD921685BBD00E8847A /* Frameworks */ = {
			isa = PBXFrameworksBuildPhase;
			buildActionMask = 2147483647;
			files = (
			);
			runOnlyForDeploymentPostprocessing = 0;
		};
		D87E4DE421685BBE00E8847A /* Frameworks */ = {
			isa = PBXFrameworksBuildPhase;
			buildActionMask = 2147483647;
			files = (
			);
			runOnlyForDeploymentPostprocessing = 0;
		};
/* End PBXFrameworksBuildPhase section */

/* Begin PBXGroup section */
		D87E4DBF21685BBC00E8847A = {
			isa = PBXGroup;
			children = (
				D87E4DCA21685BBC00E8847A /* Color Picker */,
				D87E4DDF21685BBD00E8847A /* Color PickerTests */,
				D87E4DEA21685BBE00E8847A /* Color PickerUITests */,
				D87E4DC921685BBC00E8847A /* Products */,
			);
			sourceTree = "<group>";
		};
		D87E4DC921685BBC00E8847A /* Products */ = {
			isa = PBXGroup;
			children = (
				D87E4DC821685BBC00E8847A /* Color Picker.app */,
				D87E4DDC21685BBD00E8847A /* Color PickerTests.xctest */,
				D87E4DE721685BBE00E8847A /* Color PickerUITests.xctest */,
			);
			name = Products;
			sourceTree = "<group>";
		};
		D87E4DCA21685BBC00E8847A /* Color Picker */ = {
			isa = PBXGroup;
			children = (
				D87E4DCB21685BBC00E8847A /* AppDelegate.swift */,
				D87E4DCD21685BBC00E8847A /* ViewController.swift */,
				D87E4DCF21685BBC00E8847A /* Main.storyboard */,
				D87E4DD221685BBD00E8847A /* Assets.xcassets */,
				D87E4DD421685BBD00E8847A /* LaunchScreen.storyboard */,
				D87E4DD721685BBD00E8847A /* Info.plist */,
			);
			path = "Color Picker";
			sourceTree = "<group>";
		};
		D87E4DDF21685BBD00E8847A /* Color PickerTests */ = {
			isa = PBXGroup;
			children = (
				D87E4DE021685BBD00E8847A /* Color_PickerTests.swift */,
				D87E4DE221685BBD00E8847A /* Info.plist */,
			);
			path = "Color PickerTests";
			sourceTree = "<group>";
		};
		D87E4DEA21685BBE00E8847A /* Color PickerUITests */ = {
			isa = PBXGroup;
			children = (
				D87E4DEB21685BBE00E8847A /* Color_PickerUITests.swift */,
				D87E4DED21685BBE00E8847A /* Info.plist */,
			);
			path = "Color PickerUITests";
			sourceTree = "<group>";
		};
/* End PBXGroup section */

/* Begin PBXNativeTarget section */
		D87E4DC721685BBC00E8847A /* Color Picker */ = {
			isa = PBXNativeTarget;
			buildConfigurationList = D87E4DF021685BBE00E8847A /* Build configuration list for PBXNativeTarget "Color Picker" */;
			buildPhases = (
				D87E4DC421685BBC00E8847A /* Sources */,
				D87E4DC521685BBC00E8847A /* Frameworks */,
				D87E4DC621685BBC00E8847A /* Resources */,
			);
			buildRules = (
			);
			dependencies = (
			);
			name = "Color Picker";
			productName = "Color Picker";
			productReference = D87E4DC821685BBC00E8847A /* Color Picker.app */;
			productType = "com.apple.product-type.application";
		};
		D87E4DDB21685BBD00E8847A /* Color PickerTests */ = {
			isa = PBXNativeTarget;
			buildConfigurationList = D87E4DF321685BBE00E8847A /* Build configuration list for PBXNativeTarget "Color PickerTests" */;
			buildPhases = (
				D87E4DD821685BBD00E8847A /* Sources */,
				D87E4DD921685BBD00E8847A /* Frameworks */,
				D87E4DDA21685BBD00E8847A /* Resources */,
			);
			buildRules = (
			);
			dependencies = (
				D87E4DDE21685BBD00E8847A /* PBXTargetDependency */,
			);
			name = "Color PickerTests";
			productName = "Color PickerTests";
			productReference = D87E4DDC21685BBD00E8847A /* Color PickerTests.xctest */;
			productType = "com.apple.product-type.bundle.unit-test";
		};
		D87E4DE621685BBE00E8847A /* Color PickerUITests */ = {
			isa = PBXNativeTarget;
			buildConfigurationList = D87E4DF621685BBE00E8847A /* Build configuration list for PBXNativeTarget "Color PickerUITests" */;
			buildPhases = (
				D87E4DE321685BBE00E8847A /* Sources */,
				D87E4DE421685BBE00E8847A /* Frameworks */,
				D87E4DE521685BBE00E8847A /* Resources */,
			);
			buildRules = (
			);
			dependencies = (
				D87E4DE921685BBE00E8847A /* PBXTargetDependency */,
			);
			name = "Color PickerUITests";
			productName = "Color PickerUITests";
			productReference = D87E4DE721685BBE00E8847A /* Color PickerUITests.xctest */;
			productType = "com.apple.product-type.bundle.ui-testing";
		};
/* End PBXNativeTarget section */

/* Begin PBXProject section */
		D87E4DC021685BBC00E8847A /* Project object */ = {
			isa = PBXProject;
			attributes = {
				LastSwiftUpdateCheck = 1000;
				LastUpgradeCheck = 1000;
				ORGANIZATIONNAME = "Joseph Chandler";
				TargetAttributes = {
					D87E4DC721685BBC00E8847A = {
						CreatedOnToolsVersion = 10.0;
					};
					D87E4DDB21685BBD00E8847A = {
						CreatedOnToolsVersion = 10.0;
						TestTargetID = D87E4DC721685BBC00E8847A;
					};
					D87E4DE621685BBE00E8847A = {
						CreatedOnToolsVersion = 10.0;
						TestTargetID = D87E4DC721685BBC00E8847A;
					};
				};
			};
			buildConfigurationList = D87E4DC321685BBC00E8847A /* Build configuration list for PBXProject "Color Picker" */;
			compatibilityVersion = "Xcode 9.3";
			developmentRegion = en;
			hasScannedForEncodings = 0;
			knownRegions = (
				en,
				Base,
			);
			mainGroup = D87E4DBF21685BBC00E8847A;
			productRefGroup = D87E4DC921685BBC00E8847A /* Products */;
			projectDirPath = "";
			projectRoot = "";
			targets = (
				D87E4DC721685BBC00E8847A /* Color Picker */,
				D87E4DDB21685BBD00E8847A /* Color PickerTests */,
				D87E4DE621685BBE00E8847A /* Color PickerUITests */,
			);
		};
/* End PBXProject section */

/* Begin PBXResourcesBuildPhase section */
		D87E4DC621685BBC00E8847A /* Resources */ = {
			isa = PBXResourcesBuildPhase;
			buildActionMask = 2147483647;
			files = (
				D87E4DD621685BBD00E8847A /* LaunchScreen.storyboard in Resources */,
				D87E4DD321685BBD00E8847A /* Assets.xcassets in Resources */,
				D87E4DD121685BBC00E8847A /* Main.storyboard in Resources */,
			);
			runOnlyForDeploymentPostprocessing = 0;
		};
		D87E4DDA21685BBD00E8847A /* Resources */ = {
			isa = PBXResourcesBuildPhase;
			buildActionMask = 2147483647;
			files = (
			);
			runOnlyForDeploymentPostprocessing = 0;
		};
		D87E4DE521685BBE00E8847A /* Resources */ = {
			isa = PBXResourcesBuildPhase;
			buildActionMask = 2147483647;
			files = (
			);
			runOnlyForDeploymentPostprocessing = 0;
		};
/* End PBXResourcesBuildPhase section */

/* Begin PBXSourcesBuildPhase section */
		D87E4DC421685BBC00E8847A /* Sources */ = {
			isa = PBXSourcesBuildPhase;
			buildActionMask = 2147483647;
			files = (
				D87E4DCE21685BBC00E8847A /* ViewController.swift in Sources */,
				D87E4DCC21685BBC00E8847A /* AppDelegate.swift in Sources */,
			);
			runOnlyForDeploymentPostprocessing = 0;
		};
		D87E4DD821685BBD00E8847A /* Sources */ = {
			isa = PBXSourcesBuildPhase;
			buildActionMask = 2147483647;
			files = (
				D87E4DE121685BBD00E8847A /* Color_PickerTests.swift in Sources */,
			);
			runOnlyForDeploymentPostprocessing = 0;
		};
		D87E4DE321685BBE00E8847A /* Sources */ = {
			isa = PBXSourcesBuildPhase;
			buildActionMask = 2147483647;
			files = (
				D87E4DEC21685BBE00E8847A /* Color_PickerUITests.swift in Sources */,
			);
			runOnlyForDeploymentPostprocessing = 0;
		};
/* End PBXSourcesBuildPhase section */

/* Begin PBXTargetDependency section */
		D87E4DDE21685BBD00E8847A /* PBXTargetDependency */ = {
			isa = PBXTargetDependency;
			target = D87E4DC721685BBC00E8847A /* Color Picker */;
			targetProxy = D87E4DDD21685BBD00E8847A /* PBXContainerItemProxy */;
		};
		D87E4DE921685BBE00E8847A /* PBXTargetDependency */ = {
			isa = PBXTargetDependency;
			target = D87E4DC721685BBC00E8847A /* Color Picker */;
			targetProxy = D87E4DE821685BBE00E8847A /* PBXContainerItemProxy */;
		};
/* End PBXTargetDependency section */

/* Begin PBXVariantGroup section */
		D87E4DCF21685BBC00E8847A /* Main.storyboard */ = {
			isa = PBXVariantGroup;
			children = (
				D87E4DD021685BBC00E8847A /* Base */,
			);
			name = Main.storyboard;
			sourceTree = "<group>";
		};
		D87E4DD421685BBD00E8847A /* LaunchScreen.storyboard */ = {
			isa = PBXVariantGroup;
			children = (
				D87E4DD521685BBD00E8847A /* Base */,
			);
			name = LaunchScreen.storyboard;
			sourceTree = "<group>";
		};
/* End PBXVariantGroup section */

/* Begin XCBuildConfiguration section */
		D87E4DEE21685BBE00E8847A /* Debug */ = {
			isa = XCBuildConfiguration;
			buildSettings = {
				ALWAYS_SEARCH_USER_PATHS = NO;
				CLANG_ANALYZER_NONNULL = YES;
				CLANG_ANALYZER_NUMBER_OBJECT_CONVERSION = YES_AGGRESSIVE;
				CLANG_CXX_LANGUAGE_STANDARD = "gnu++14";
				CLANG_CXX_LIBRARY = "libc++";
				CLANG_ENABLE_MODULES = YES;
				CLANG_ENABLE_OBJC_ARC = YES;
				CLANG_ENABLE_OBJC_WEAK = YES;
				CLANG_WARN_BLOCK_CAPTURE_AUTORELEASING = YES;
				CLANG_WARN_BOOL_CONVERSION = YES;
				CLANG_WARN_COMMA = YES;
				CLANG_WARN_CONSTANT_CONVERSION = YES;
				CLANG_WARN_DEPRECATED_OBJC_IMPLEMENTATIONS = YES;
				CLANG_WARN_DIRECT_OBJC_ISA_USAGE = YES_ERROR;
				CLANG_WARN_DOCUMENTATION_COMMENTS = YES;
				CLANG_WARN_EMPTY_BODY = YES;
				CLANG_WARN_ENUM_CONVERSION = YES;
				CLANG_WARN_INFINITE_RECURSION = YES;
				CLANG_WARN_INT_CONVERSION = YES;
				CLANG_WARN_NON_LITERAL_NULL_CONVERSION = YES;
				CLANG_WARN_OBJC_IMPLICIT_RETAIN_SELF = YES;
				CLANG_WARN_OBJC_LITERAL_CONVERSION = YES;
				CLANG_WARN_OBJC_ROOT_CLASS = YES_ERROR;
				CLANG_WARN_RANGE_LOOP_ANALYSIS = YES;
				CLANG_WARN_STRICT_PROTOTYPES = YES;
				CLANG_WARN_SUSPICIOUS_MOVE = YES;
				CLANG_WARN_UNGUARDED_AVAILABILITY = YES_AGGRESSIVE;
				CLANG_WARN_UNREACHABLE_CODE = YES;
				CLANG_WARN__DUPLICATE_METHOD_MATCH = YES;
				CODE_SIGN_IDENTITY = "iPhone Developer";
				COPY_PHASE_STRIP = NO;
				DEBUG_INFORMATION_FORMAT = dwarf;
				ENABLE_STRICT_OBJC_MSGSEND = YES;
				ENABLE_TESTABILITY = YES;
				GCC_C_LANGUAGE_STANDARD = gnu11;
				GCC_DYNAMIC_NO_PIC = NO;
				GCC_NO_COMMON_BLOCKS = YES;
				GCC_OPTIMIZATION_LEVEL = 0;
				GCC_PREPROCESSOR_DEFINITIONS = (
					"DEBUG=1",
					"$(inherited)",
				);
				GCC_WARN_64_TO_32_BIT_CONVERSION = YES;
				GCC_WARN_ABOUT_RETURN_TYPE = YES_ERROR;
				GCC_WARN_UNDECLARED_SELECTOR = YES;
				GCC_WARN_UNINITIALIZED_AUTOS = YES_AGGRESSIVE;
				GCC_WARN_UNUSED_FUNCTION = YES;
				GCC_WARN_UNUSED_VARIABLE = YES;
				IPHONEOS_DEPLOYMENT_TARGET = 12.0;
				MTL_ENABLE_DEBUG_INFO = INCLUDE_SOURCE;
				MTL_FAST_MATH = YES;
				ONLY_ACTIVE_ARCH = YES;
				SDKROOT = iphoneos;
				SWIFT_ACTIVE_COMPILATION_CONDITIONS = DEBUG;
				SWIFT_OPTIMIZATION_LEVEL = "-Onone";
			};
			name = Debug;
		};
		D87E4DEF21685BBE00E8847A /* Release */ = {
			isa = XCBuildConfiguration;
			buildSettings = {
				ALWAYS_SEARCH_USER_PATHS = NO;
				CLANG_ANALYZER_NONNULL = YES;
				CLANG_ANALYZER_NUMBER_OBJECT_CONVERSION = YES_AGGRESSIVE;
				CLANG_CXX_LANGUAGE_STANDARD = "gnu++14";
				CLANG_CXX_LIBRARY = "libc++";
				CLANG_ENABLE_MODULES = YES;
				CLANG_ENABLE_OBJC_ARC = YES;
				CLANG_ENABLE_OBJC_WEAK = YES;
				CLANG_WARN_BLOCK_CAPTURE_AUTORELEASING = YES;
				CLANG_WARN_BOOL_CONVERSION = YES;
				CLANG_WARN_COMMA = YES;
				CLANG_WARN_CONSTANT_CONVERSION = YES;
				CLANG_WARN_DEPRECATED_OBJC_IMPLEMENTATIONS = YES;
				CLANG_WARN_DIRECT_OBJC_ISA_USAGE = YES_ERROR;
				CLANG_WARN_DOCUMENTATION_COMMENTS = YES;
				CLANG_WARN_EMPTY_BODY = YES;
				CLANG_WARN_ENUM_CONVERSION = YES;
				CLANG_WARN_INFINITE_RECURSION = YES;
				CLANG_WARN_INT_CONVERSION = YES;
				CLANG_WARN_NON_LITERAL_NULL_CONVERSION = YES;
				CLANG_WARN_OBJC_IMPLICIT_RETAIN_SELF = YES;
				CLANG_WARN_OBJC_LITERAL_CONVERSION = YES;
				CLANG_WARN_OBJC_ROOT_CLASS = YES_ERROR;
				CLANG_WARN_RANGE_LOOP_ANALYSIS = YES;
				CLANG_WARN_STRICT_PROTOTYPES = YES;
				CLANG_WARN_SUSPICIOUS_MOVE = YES;
				CLANG_WARN_UNGUARDED_AVAILABILITY = YES_AGGRESSIVE;
				CLANG_WARN_UNREACHABLE_CODE = YES;
				CLANG_WARN__DUPLICATE_METHOD_MATCH = YES;
				CODE_SIGN_IDENTITY = "iPhone Developer";
				COPY_PHASE_STRIP = NO;
				DEBUG_INFORMATION_FORMAT = "dwarf-with-dsym";
				ENABLE_NS_ASSERTIONS = NO;
				ENABLE_STRICT_OBJC_MSGSEND = YES;
				GCC_C_LANGUAGE_STANDARD = gnu11;
				GCC_NO_COMMON_BLOCKS = YES;
				GCC_WARN_64_TO_32_BIT_CONVERSION = YES;
				GCC_WARN_ABOUT_RETURN_TYPE = YES_ERROR;
				GCC_WARN_UNDECLARED_SELECTOR = YES;
				GCC_WARN_UNINITIALIZED_AUTOS = YES_AGGRESSIVE;
				GCC_WARN_UNUSED_FUNCTION = YES;
				GCC_WARN_UNUSED_VARIABLE = YES;
				IPHONEOS_DEPLOYMENT_TARGET = 12.0;
				MTL_ENABLE_DEBUG_INFO = NO;
				MTL_FAST_MATH = YES;
				SDKROOT = iphoneos;
				SWIFT_COMPILATION_MODE = wholemodule;
				SWIFT_OPTIMIZATION_LEVEL = "-O";
				VALIDATE_PRODUCT = YES;
			};
			name = Release;
		};
		D87E4DF121685BBE00E8847A /* Debug */ = {
			isa = XCBuildConfiguration;
			buildSettings = {
				ASSETCATALOG_COMPILER_APPICON_NAME = AppIcon;
				CODE_SIGN_STYLE = Automatic;
				INFOPLIST_FILE = "Color Picker/Info.plist";
				LD_RUNPATH_SEARCH_PATHS = (
					"$(inherited)",
					"@executable_path/Frameworks",
				);
				PRODUCT_BUNDLE_IDENTIFIER = "jccyber.Color-Picker";
				PRODUCT_NAME = "$(TARGET_NAME)";
				SWIFT_VERSION = 4.2;
				TARGETED_DEVICE_FAMILY = "1,2";
			};
			name = Debug;
		};
		D87E4DF221685BBE00E8847A /* Release */ = {
			isa = XCBuildConfiguration;
			buildSettings = {
				ASSETCATALOG_COMPILER_APPICON_NAME = AppIcon;
				CODE_SIGN_STYLE = Automatic;
				INFOPLIST_FILE = "Color Picker/Info.plist";
				LD_RUNPATH_SEARCH_PATHS = (
					"$(inherited)",
					"@executable_path/Frameworks",
				);
				PRODUCT_BUNDLE_IDENTIFIER = "jccyber.Color-Picker";
				PRODUCT_NAME = "$(TARGET_NAME)";
				SWIFT_VERSION = 4.2;
				TARGETED_DEVICE_FAMILY = "1,2";
			};
			name = Release;
		};
		D87E4DF421685BBE00E8847A /* Debug */ = {
			isa = XCBuildConfiguration;
			buildSettings = {
				ALWAYS_EMBED_SWIFT_STANDARD_LIBRARIES = YES;
				BUNDLE_LOADER = "$(TEST_HOST)";
				CODE_SIGN_STYLE = Automatic;
				INFOPLIST_FILE = "Color PickerTests/Info.plist";
				LD_RUNPATH_SEARCH_PATHS = (
					"$(inherited)",
					"@executable_path/Frameworks",
					"@loader_path/Frameworks",
				);
				PRODUCT_BUNDLE_IDENTIFIER = "jccyber.Color-PickerTests";
				PRODUCT_NAME = "$(TARGET_NAME)";
				SWIFT_VERSION = 4.2;
				TARGETED_DEVICE_FAMILY = "1,2";
				TEST_HOST = "$(BUILT_PRODUCTS_DIR)/Color Picker.app/Color Picker";
			};
			name = Debug;
		};
		D87E4DF521685BBE00E8847A /* Release */ = {
			isa = XCBuildConfiguration;
			buildSettings = {
				ALWAYS_EMBED_SWIFT_STANDARD_LIBRARIES = YES;
				BUNDLE_LOADER = "$(TEST_HOST)";
				CODE_SIGN_STYLE = Automatic;
				INFOPLIST_FILE = "Color PickerTests/Info.plist";
				LD_RUNPATH_SEARCH_PATHS = (
					"$(inherited)",
					"@executable_path/Frameworks",
					"@loader_path/Frameworks",
				);
				PRODUCT_BUNDLE_IDENTIFIER = "jccyber.Color-PickerTests";
				PRODUCT_NAME = "$(TARGET_NAME)";
				SWIFT_VERSION = 4.2;
				TARGETED_DEVICE_FAMILY = "1,2";
				TEST_HOST = "$(BUILT_PRODUCTS_DIR)/Color Picker.app/Color Picker";
			};
			name = Release;
		};
		D87E4DF721685BBE00E8847A /* Debug */ = {
			isa = XCBuildConfiguration;
			buildSettings = {
				ALWAYS_EMBED_SWIFT_STANDARD_LIBRARIES = YES;
				CODE_SIGN_STYLE = Automatic;
				INFOPLIST_FILE = "Color PickerUITests/Info.plist";
				LD_RUNPATH_SEARCH_PATHS = (
					"$(inherited)",
					"@executable_path/Frameworks",
					"@loader_path/Frameworks",
				);
				PRODUCT_BUNDLE_IDENTIFIER = "jccyber.Color-PickerUITests";
				PRODUCT_NAME = "$(TARGET_NAME)";
				SWIFT_VERSION = 4.2;
				TARGETED_DEVICE_FAMILY = "1,2";
				TEST_TARGET_NAME = "Color Picker";
			};
			name = Debug;
		};
		D87E4DF821685BBE00E8847A /* Release */ = {
			isa = XCBuildConfiguration;
			buildSettings = {
				ALWAYS_EMBED_SWIFT_STANDARD_LIBRARIES = YES;
				CODE_SIGN_STYLE = Automatic;
				INFOPLIST_FILE = "Color PickerUITests/Info.plist";
				LD_RUNPATH_SEARCH_PATHS = (
					"$(inherited)",
					"@executable_path/Frameworks",
					"@loader_path/Frameworks",
				);
				PRODUCT_BUNDLE_IDENTIFIER = "jccyber.Color-PickerUITests";
				PRODUCT_NAME = "$(TARGET_NAME)";
				SWIFT_VERSION = 4.2;
				TARGETED_DEVICE_FAMILY = "1,2";
				TEST_TARGET_NAME = "Color Picker";
			};
			name = Release;
		};
/* End XCBuildConfiguration section */

/* Begin XCConfigurationList section */
		D87E4DC321685BBC00E8847A /* Build configuration list for PBXProject "Color Picker" */ = {
			isa = XCConfigurationList;
			buildConfigurations = (
				D87E4DEE21685BBE00E8847A /* Debug */,
				D87E4DEF21685BBE00E8847A /* Release */,
			);
			defaultConfigurationIsVisible = 0;
			defaultConfigurationName = Release;
		};
		D87E4DF021685BBE00E8847A /* Build configuration list for PBXNativeTarget "Color Picker" */ = {
			isa = XCConfigurationList;
			buildConfigurations = (
				D87E4DF121685BBE00E8847A /* Debug */,
				D87E4DF221685BBE00E8847A /* Release */,
			);
			defaultConfigurationIsVisible = 0;
			defaultConfigurationName = Release;
		};
		D87E4DF321685BBE00E8847A /* Build configuration list for PBXNativeTarget "Color PickerTests" */ = {
			isa = XCConfigurationList;
			buildConfigurations = (
				D87E4DF421685BBE00E8847A /* Debug */,
				D87E4DF521685BBE00E8847A /* Release */,
			);
			defaultConfigurationIsVisible = 0;
			defaultConfigurationName = Release;
		};
		D87E4DF621685BBE00E8847A /* Build configuration list for PBXNativeTarget "Color PickerUITests" */ = {
			isa = XCConfigurationList;
			buildConfigurations = (
				D87E4DF721685BBE00E8847A /* Debug */,
				D87E4DF821685BBE00E8847A /* Release */,
			);
			defaultConfigurationIsVisible = 0;
			defaultConfigurationName = Release;
		};
/* End XCConfigurationList section */
	};
	rootObject = D87E4DC021685BBC00E8847A /* Project object */;
}
